
Microsoft Visual Studio Solution File, Format Version 12.00
# Visual Studio 15
VisualStudioVersion = 15.0.27004.2010
MinimumVisualStudioVersion = 10.0.40219.1
Project("{FAE04EC0-301F-11D3-BF4B-00C04F79EFBC}") = "EvaPOS", "EvaPost\EvaPOS.csproj", "{B58875F0-12AD-4A87-B660-CEE50B87321D}"
EndProject
Project("{9A19103F-16F7-4668-BE54-9A1E7A4F7556}") = "Redsis.EVA.Client.Common", "..\Eva2StandardVersion0.0.1\Redsis.EVA.Client.Common\Redsis.EVA.Client.Common.csproj", "{7223388B-EA16-4320-AE74-EC5FA8FDC93C}"
EndProject
Project("{9A19103F-16F7-4668-BE54-9A1E7A4F7556}") = "Redsis.EVA.Client.Core", "..\Eva2StandardVersion0.0.1\Redsis.EVA.Client.Core\Redsis.EVA.Client.Core.csproj", "{9C5D1BF3-644F-476C-9AFE-DBB6F09E0052}"
EndProject
Global
	GlobalSection(SolutionConfigurationPlatforms) = preSolution
		Debug|Any CPU = Debug|Any CPU
		Release|Any CPU = Release|Any CPU
	EndGlobalSection
	GlobalSection(ProjectConfigurationPlatforms) = postSolution
		{B58875F0-12AD-4A87-B660-CEE50B87321D}.Debug|Any CPU.ActiveCfg = Debug|Any CPU
		{B58875F0-12AD-4A87-B660-CEE50B87321D}.Debug|Any CPU.Build.0 = Debug|Any CPU
		{B58875F0-12AD-4A87-B660-CEE50B87321D}.Debug|Any CPU.Deploy.0 = Debug|Any CPU
		{B58875F0-12AD-4A87-B660-CEE50B87321D}.Release|Any CPU.ActiveCfg = Release|Any CPU
		{B58875F0-12AD-4A87-B660-CEE50B87321D}.Release|Any CPU.Build.0 = Release|Any CPU
		{B58875F0-12AD-4A87-B660-CEE50B87321D}.Release|Any CPU.Deploy.0 = Release|Any CPU
		{7223388B-EA16-4320-AE74-EC5FA8FDC93C}.Debug|Any CPU.ActiveCfg = Debug|Any CPU
		{7223388B-EA16-4320-AE74-EC5FA8FDC93C}.Debug|Any CPU.Build.0 = Debug|Any CPU
		{7223388B-EA16-4320-AE74-EC5FA8FDC93C}.Release|Any CPU.ActiveCfg = Release|Any CPU
		{7223388B-EA16-4320-AE74-EC5FA8FDC93C}.Release|Any CPU.Build.0 = Release|Any CPU
		{9C5D1BF3-644F-476C-9AFE-DBB6F09E0052}.Debug|Any CPU.ActiveCfg = Debug|Any CPU
		{9C5D1BF3-644F-476C-9AFE-DBB6F09E0052}.Debug|Any CPU.Build.0 = Debug|Any CPU
		{9C5D1BF3-644F-476C-9AFE-DBB6F09E0052}.Release|Any CPU.ActiveCfg = Release|Any CPU
		{9C5D1BF3-644F-476C-9AFE-DBB6F09E0052}.Release|Any CPU.Build.0 = Release|Any CPU
	EndGlobalSection
	GlobalSection(SolutionProperties) = preSolution
		HideSolutionNode = FALSE
	EndGlobalSection
	GlobalSection(ExtensibilityGlobals) = postSolution
		SolutionGuid = {7322379D-4851-4D09-8F69-5E9E8FC70696}
	EndGlobalSection
EndGlobal
